
Microsoft Visual Studio Solution File, Format Version 12.00
# Visual Studio 15
VisualStudioVersion = 15.0.27130.2024
MinimumVisualStudioVersion = 10.0.40219.1
Project("{FAE04EC0-301F-11D3-BF4B-00C04F79EFBC}") = "DbUitlsCoreTest", "DbUitlsCoreTest\DbUitlsCoreTest.csproj", "{D6E00C55-1FD8-4BFC-92F3-E3DAAB3D1BD8}"
EndProject
Global
	GlobalSection(SolutionConfigurationPlatforms) = preSolution
		Debug|Any CPU = Debug|Any CPU
		Release|Any CPU = Release|Any CPU
	EndGlobalSection
	GlobalSection(ProjectConfigurationPlatforms) = postSolution
		{D6E00C55-1FD8-4BFC-92F3-E3DAAB3D1BD8}.Debug|Any CPU.ActiveCfg = Debug|Any CPU
		{D6E00C55-1FD8-4BFC-92F3-E3DAAB3D1BD8}.Debug|Any CPU.Build.0 = Debug|Any CPU
		{D6E00C55-1FD8-4BFC-92F3-E3DAAB3D1BD8}.Release|Any CPU.ActiveCfg = Release|Any CPU
		{D6E00C55-1FD8-4BFC-92F3-E3DAAB3D1BD8}.Release|Any CPU.Build.0 = Release|Any CPU
	EndGlobalSection
	GlobalSection(SolutionProperties) = preSolution
		HideSolutionNode = FALSE
	EndGlobalSection
	GlobalSection(ExtensibilityGlobals) = postSolution
		SolutionGuid = {16C7059E-2521-45FA-8D8B-693CEDBA5DCA}
	EndGlobalSection
EndGlobal
